
Microsoft Visual Studio Solution File, Format Version 12.00
# Visual Studio Version 17
VisualStudioVersion = 17.7.34024.191
MinimumVisualStudioVersion = 10.0.40219.1
Project("{FAE04EC0-301F-11D3-BF4B-00C04F79EFBC}") = "CODEfirstApproachCRUD", "CODEfirstApproachCRUD.csproj", "{EE576B9A-FD8F-4B31-AA0F-F7FF5A0F72CF}"
EndProject
Global
	GlobalSection(SolutionConfigurationPlatforms) = preSolution
		Debug|Any CPU = Debug|Any CPU
		Release|Any CPU = Release|Any CPU
	EndGlobalSection
	GlobalSection(ProjectConfigurationPlatforms) = postSolution
		{EE576B9A-FD8F-4B31-AA0F-F7FF5A0F72CF}.Debug|Any CPU.ActiveCfg = Debug|Any CPU
		{EE576B9A-FD8F-4B31-AA0F-F7FF5A0F72CF}.Debug|Any CPU.Build.0 = Debug|Any CPU
		{EE576B9A-FD8F-4B31-AA0F-F7FF5A0F72CF}.Release|Any CPU.ActiveCfg = Release|Any CPU
		{EE576B9A-FD8F-4B31-AA0F-F7FF5A0F72CF}.Release|Any CPU.Build.0 = Release|Any CPU
	EndGlobalSection
	GlobalSection(SolutionProperties) = preSolution
		HideSolutionNode = FALSE
	EndGlobalSection
	GlobalSection(ExtensibilityGlobals) = postSolution
		SolutionGuid = {AFC00CA2-BD11-4907-9E63-F8983721CD4C}
	EndGlobalSection
EndGlobal
